
Microsoft Visual Studio Solution File, Format Version 12.00
# Visual Studio Version 17
VisualStudioVersion = 17.11.35327.3
MinimumVisualStudioVersion = 10.0.40219.1
Project("{2150E333-8FDC-42A3-9474-1A3956D46DE8}") = "Solution Items", "Solution Items", "{227DF51C-4F8C-4C96-AC7E-39617C0AEF82}"
	ProjectSection(SolutionItems) = preProject
		.gitattributes = .gitattributes
		.gitignore = .gitignore
		ATTRIBUTIONS.md = ATTRIBUTIONS.md
		README.md = README.md
		vcpkg-configuration.json = vcpkg-configuration.json
		vcpkg.json = vcpkg.json
	EndProjectSection
EndProject
Project("{8BC9CEB8-8B4A-11D0-8D11-00A0C91BC942}") = "MSSCore", "src\core\MSSCore.vcxproj", "{90004517-CEA0-493D-BC67-B07F996C62B8}"
EndProject
Project("{8BC9CEB8-8B4A-11D0-8D11-00A0C91BC942}") = "MSSFrontend", "src\app\MSSFrontend.vcxproj", "{D96CA417-4943-49CD-A99D-41D70972493B}"
EndProject
Project("{8BC9CEB8-8B4A-11D0-8D11-00A0C91BC942}") = "USBVideoPlugin", "src\plugins\sources\USBVideoPlugin\USBVideoPlugin.vcxproj", "{6C30785C-86DE-4623-A382-E178F73D3E4F}"
EndProject
Project("{8BC9CEB8-8B4A-11D0-8D11-00A0C91BC942}") = "YoloObjectDetectionProcessorPlugin", "src\plugins\processors\YoloObjectDetectionProcessorPlugin\YoloObjectDetectionProcessorPlugin.vcxproj", "{24C440F3-B6A2-476E-BEAA-8C172CCFED74}"
EndProject
Project("{2150E333-8FDC-42A3-9474-1A3956D46DE8}") = "docs", "docs", "{02EA681E-C7D8-13C7-8484-4AC65E1B71E8}"
	ProjectSection(SolutionItems) = preProject
		architecture_overview.md = architecture_overview.md
		naming_conventions.md = naming_conventions.md
	EndProjectSection
EndProject
Project("{8BC9CEB8-8B4A-11D0-8D11-00A0C91BC942}") = "MSSFrontendQML", "src\app\MSSFrontendQML\MSSFrontendQML.vcxproj", "{32B1E120-8C9C-45D1-B471-4F795E74C203}"
	ProjectSection(ProjectDependencies) = postProject
		{90004517-CEA0-493D-BC67-B07F996C62B8} = {90004517-CEA0-493D-BC67-B07F996C62B8}
	EndProjectSection
EndProject
Global
	GlobalSection(SolutionConfigurationPlatforms) = preSolution
		Debug|x64 = Debug|x64
		Release|x64 = Release|x64
	EndGlobalSection
	GlobalSection(ProjectConfigurationPlatforms) = postSolution
		{90004517-CEA0-493D-BC67-B07F996C62B8}.Debug|x64.ActiveCfg = Debug|x64
		{90004517-CEA0-493D-BC67-B07F996C62B8}.Debug|x64.Build.0 = Debug|x64
		{90004517-CEA0-493D-BC67-B07F996C62B8}.Release|x64.ActiveCfg = Release|x64
		{90004517-CEA0-493D-BC67-B07F996C62B8}.Release|x64.Build.0 = Release|x64
		{D96CA417-4943-49CD-A99D-41D70972493B}.Debug|x64.ActiveCfg = Debug|x64
		{D96CA417-4943-49CD-A99D-41D70972493B}.Debug|x64.Build.0 = Debug|x64
		{D96CA417-4943-49CD-A99D-41D70972493B}.Release|x64.ActiveCfg = Release|x64
		{D96CA417-4943-49CD-A99D-41D70972493B}.Release|x64.Build.0 = Release|x64
		{6C30785C-86DE-4623-A382-E178F73D3E4F}.Debug|x64.ActiveCfg = Debug|x64
		{6C30785C-86DE-4623-A382-E178F73D3E4F}.Debug|x64.Build.0 = Debug|x64
		{6C30785C-86DE-4623-A382-E178F73D3E4F}.Release|x64.ActiveCfg = Release|x64
		{6C30785C-86DE-4623-A382-E178F73D3E4F}.Release|x64.Build.0 = Release|x64
		{24C440F3-B6A2-476E-BEAA-8C172CCFED74}.Debug|x64.ActiveCfg = Debug|x64
		{24C440F3-B6A2-476E-BEAA-8C172CCFED74}.Debug|x64.Build.0 = Debug|x64
		{24C440F3-B6A2-476E-BEAA-8C172CCFED74}.Release|x64.ActiveCfg = Release|x64
		{24C440F3-B6A2-476E-BEAA-8C172CCFED74}.Release|x64.Build.0 = Release|x64
		{32B1E120-8C9C-45D1-B471-4F795E74C203}.Debug|x64.ActiveCfg = Debug|x64
		{32B1E120-8C9C-45D1-B471-4F795E74C203}.Debug|x64.Build.0 = Debug|x64
		{32B1E120-8C9C-45D1-B471-4F795E74C203}.Release|x64.ActiveCfg = Release|x64
		{32B1E120-8C9C-45D1-B471-4F795E74C203}.Release|x64.Build.0 = Release|x64
	EndGlobalSection
	GlobalSection(SolutionProperties) = preSolution
		HideSolutionNode = FALSE
	EndGlobalSection
	GlobalSection(ExtensibilityGlobals) = postSolution
		SolutionGuid = {F814703A-BE94-40D3-AA6E-ABF15A96E1EA}
	EndGlobalSection
EndGlobal
