<?xml version="1.0" encoding="utf-8"?>
<Project ToolsVersion="4.0" xmlns="http://schemas.microsoft.com/developer/msbuild/2003">
  <ItemGroup>
    <Filter Include="Source Files">
      <UniqueIdentifier>{4FC737F1-C7A5-4376-A066-2A32D752A2FF}</UniqueIdentifier>
      <Extensions>qml;cpp;c;cc;cxx;def;odl;idl;hpj;bat;asm;asmx</Extensions>
    </Filter>
    <Filter Include="Header Files">
      <UniqueIdentifier>{93995380-89BD-4b04-88EB-625FBE52EBFB}</UniqueIdentifier>
      <Extensions>h;hh;hpp;hxx;hm;inl;inc;xsd</Extensions>
    </Filter>
    <Filter Include="Resource Files">
      <UniqueIdentifier>{67DA6AB6-F800-4c08-8B7A-83BB121AAD01}</UniqueIdentifier>
      <Extensions>qrc;rc;ico;cur;bmp;dlg;rc2;rct;bin;rgs;gif;jpg;jpeg;jpe;resx;tiff;tif;png;wav;mfcribbon-ms</Extensions>
    </Filter>
    <Filter Include="Form Files">
      <UniqueIdentifier>{99349809-55BA-4b9d-BF79-8FDBB0286EB3}</UniqueIdentifier>
      <Extensions>ui</Extensions>
    </Filter>
    <Filter Include="Translation Files">
      <UniqueIdentifier>{639EADAA-A684-42e4-A9AD-28FC9BCB8F7C}</UniqueIdentifier>
      <Extensions>ts</Extensions>
    </Filter>
  </ItemGroup>
  <ItemGroup>
    <QtRcc Include="MainWindow.qrc">
      <Filter>Resource Files</Filter>
    </QtRcc>
  </ItemGroup>
  <ItemGroup>
    <ClCompile Include="main.cpp">
      <Filter>Source Files</Filter>
    </ClCompile>
    <ClCompile Include="pages\MainPage\mainpage.cpp">
      <Filter>Source Files</Filter>
    </ClCompile>
    <ClCompile Include="widgets\PresetsWidget\presetswidget.cpp">
      <Filter>Source Files</Filter>
    </ClCompile>
    <ClCompile Include="widgets\PreviewContainerWidget\previewcontainerwidget.cpp">
      <Filter>Source Files</Filter>
    </ClCompile>
    <ClCompile Include="widgets\SessionControlsWidget\sessioncontrolswidget.cpp">
      <Filter>Source Files</Filter>
    </ClCompile>
    <ClCompile Include="widgets\SimultaneousMediaPlayer\simultaneousmediaplayer.cpp">
      <Filter>Source Files</Filter>
    </ClCompile>
    <ClCompile Include="dialogs\SessionPropertiesDialog\sessionpropertiesdialog.cpp">
      <Filter>Source Files</Filter>
    </ClCompile>
    <ClCompile Include="windows\MainWindow\MainWindow.cpp">
      <Filter>Source Files</Filter>
    </ClCompile>
    <ClCompile Include="dialogs\AddProcessorDialog\addprocessordialog.cpp">
      <Filter>Source Files</Filter>
    </ClCompile>
    <ClCompile Include="dialogs\AddSourceDialog\addsourcedialog.cpp">
      <Filter>Source Files</Filter>
    </ClCompile>
    <ClCompile Include="widgets\ProcessorsWidget\processorswidget.cpp">
      <Filter>Source Files</Filter>
    </ClCompile>
    <ClCompile Include="widgets\SourcePreviewWidget\sourcepreviewwidget.cpp">
      <Filter>Source Files</Filter>
    </ClCompile>
    <ClCompile Include="widgets\SourcesWidget\sourceswidget.cpp">
      <Filter>Source Files</Filter>
    </ClCompile>
    <ClCompile Include="widgets\CustomTitleBar\customtitlebar.cpp">
      <Filter>Source Files</Filter>
    </ClCompile>
    <ClCompile Include="widgets\DockableElementsManagerWidget\dockableelementsmanagerwidget.cpp">
      <Filter>Source Files</Filter>
    </ClCompile>
    <ClCompile Include="models\ElementTreeModel\elementtreemodel.cpp">
      <Filter>Source Files</Filter>
    </ClCompile>
    <ClCompile Include="widgets\SourcePropertiesWidget\sourcepropertieswidget.cpp">
      <Filter>Source Files</Filter>
    </ClCompile>
  </ItemGroup>
  <ItemGroup>
    <QtMoc Include="windows\MainWindow\MainWindow.h">
      <Filter>Header Files</Filter>
    </QtMoc>
    <QtMoc Include="dialogs\SessionPropertiesDialog\sessionpropertiesdialog.h">
      <Filter>Header Files</Filter>
    </QtMoc>
    <QtMoc Include="widgets\SessionControlsWidget\sessioncontrolswidget.h">
      <Filter>Header Files</Filter>
    </QtMoc>
    <QtMoc Include="widgets\SimultaneousMediaPlayer\simultaneousmediaplayer.h">
      <Filter>Header Files</Filter>
    </QtMoc>
    <QtMoc Include="widgets\PreviewContainerWidget\previewcontainerwidget.h">
      <Filter>Header Files</Filter>
    </QtMoc>
    <QtMoc Include="widgets\PresetsWidget\presetswidget.h">
      <Filter>Header Files</Filter>
    </QtMoc>
    <QtMoc Include="pages\MainPage\mainpage.h">
      <Filter>Header Files</Filter>
    </QtMoc>
    <QtMoc Include="widgets\ProcessorsWidget\processorswidget.h">
      <Filter>Header Files</Filter>
    </QtMoc>
    <QtMoc Include="dialogs\AddProcessorDialog\addprocessordialog.h">
      <Filter>Header Files</Filter>
    </QtMoc>
    <QtMoc Include="dialogs\AddSourceDialog\addsourcedialog.h">
      <Filter>Header Files</Filter>
    </QtMoc>
    <QtMoc Include="widgets\SourcesWidget\sourceswidget.h">
      <Filter>Header Files</Filter>
    </QtMoc>
    <QtMoc Include="widgets\SourcePreviewWidget\sourcepreviewwidget.h">
      <Filter>Header Files</Filter>
    </QtMoc>
    <QtMoc Include="widgets\CustomTitleBar\customtitlebar.h">
      <Filter>Header Files</Filter>
    </QtMoc>
    <QtMoc Include="widgets\DockableElementsManagerWidget\dockableelementsmanagerwidget.h">
      <Filter>Header Files</Filter>
    </QtMoc>
    <QtMoc Include="models\ElementTreeModel\elementtreemodel.h">
      <Filter>Header Files</Filter>
    </QtMoc>
    <QtMoc Include="widgets\SourcePropertiesWidget\sourcepropertieswidget.h">
      <Filter>Header Files</Filter>
    </QtMoc>
  </ItemGroup>
  <ItemGroup>
    <QtUic Include="pages\MainPage\mainpage.ui">
      <Filter>Form Files</Filter>
    </QtUic>
    <QtUic Include="widgets\PresetsWidget\presetswidget.ui">
      <Filter>Form Files</Filter>
    </QtUic>
    <QtUic Include="widgets\PreviewContainerWidget\previewcontainerwidget.ui">
      <Filter>Form Files</Filter>
    </QtUic>
    <QtUic Include="widgets\SessionControlsWidget\sessioncontrolswidget.ui">
      <Filter>Form Files</Filter>
    </QtUic>
    <QtUic Include="widgets\SimultaneousMediaPlayer\simultaneousmediaplayer.ui">
      <Filter>Form Files</Filter>
    </QtUic>
    <QtUic Include="windows\MainWindow\MainWindow.ui">
      <Filter>Form Files</Filter>
    </QtUic>
    <QtUic Include="dialogs\SessionPropertiesDialog\sessionpropertiesdialog.ui">
      <Filter>Form Files</Filter>
    </QtUic>
    <QtUic Include="widgets\SourcesWidget\sourceswidget.ui">
      <Filter>Form Files</Filter>
    </QtUic>
    <QtUic Include="widgets\SourcePreviewWidget\sourcepreviewwidget.ui">
      <Filter>Form Files</Filter>
    </QtUic>
    <QtUic Include="dialogs\AddSourceDialog\addsourcedialog.ui">
      <Filter>Form Files</Filter>
    </QtUic>
    <QtUic Include="widgets\ProcessorsWidget\processorswidget.ui">
      <Filter>Form Files</Filter>
    </QtUic>
    <QtUic Include="dialogs\AddProcessorDialog\addprocessordialog.ui">
      <Filter>Form Files</Filter>
    </QtUic>
    <QtUic Include="widgets\CustomTitleBar\customtitlebar.ui">
      <Filter>Form Files</Filter>
    </QtUic>
    <QtUic Include="widgets\DockableElementsManagerWidget\dockableelementsmanagerwidget.ui">
      <Filter>Form Files</Filter>
    </QtUic>
  </ItemGroup>
  <ItemGroup>
    <None Include="styles\styles.qss" />
  </ItemGroup>
  <ItemGroup>
    <Image Include="media\icons\mss_template_icon.png">
      <Filter>Resource Files</Filter>
    </Image>
    <Image Include="media\icons\airplane.ico">
      <Filter>Resource Files</Filter>
    </Image>
    <Image Include="media\icons\bag.ico">
      <Filter>Resource Files</Filter>
    </Image>
    <Image Include="media\icons\balloon.ico">
      <Filter>Resource Files</Filter>
    </Image>
    <Image Include="media\icons\bug.ico">
      <Filter>Resource Files</Filter>
    </Image>
    <Image Include="media\icons\circuit.ico">
      <Filter>Resource Files</Filter>
    </Image>
    <Image Include="media\icons\dove.ico">
      <Filter>Resource Files</Filter>
    </Image>
    <Image Include="media\icons\drone.ico">
      <Filter>Resource Files</Filter>
    </Image>
    <Image Include="media\icons\gps.ico">
      <Filter>Resource Files</Filter>
    </Image>
    <Image Include="media\icons\linear.ico">
      <Filter>Resource Files</Filter>
    </Image>
    <Image Include="media\icons\microphone.ico">
      <Filter>Resource Files</Filter>
    </Image>
    <Image Include="media\icons\satellite.ico">
      <Filter>Resource Files</Filter>
    </Image>
    <Image Include="media\icons\settings.ico">
      <Filter>Resource Files</Filter>
    </Image>
    <Image Include="media\icons\star.ico">
      <Filter>Resource Files</Filter>
    </Image>
    <Image Include="media\icons\thermometer.ico">
      <Filter>Resource Files</Filter>
    </Image>
    <Image Include="media\icons\video.ico">
      <Filter>Resource Files</Filter>
    </Image>
    <Image Include="media\icons\maximize.ico">
      <Filter>Resource Files</Filter>
    </Image>
  </ItemGroup>
  <ItemGroup>
    <ClInclude Include="data\requried_actions.h">
      <Filter>Header Files</Filter>
    </ClInclude>
  </ItemGroup>
</Project>