<?xml version="1.0" encoding="utf-8"?>
<Project ToolsVersion="4.0" xmlns="http://schemas.microsoft.com/developer/msbuild/2003">
  <ItemGroup>
    <Filter Include="Source Files">
      <UniqueIdentifier>{4FC737F1-C7A5-4376-A066-2A32D752A2FF}</UniqueIdentifier>
      <Extensions>qml;cpp;c;cc;cxx;def;odl;idl;hpj;bat;asm;asmx</Extensions>
    </Filter>
    <Filter Include="Header Files">
      <UniqueIdentifier>{93995380-89BD-4b04-88EB-625FBE52EBFB}</UniqueIdentifier>
      <Extensions>h;hh;hpp;hxx;hm;inl;inc;xsd</Extensions>
    </Filter>
    <Filter Include="Resource Files">
      <UniqueIdentifier>{67DA6AB6-F800-4c08-8B7A-83BB121AAD01}</UniqueIdentifier>
      <Extensions>qrc;rc;ico;cur;bmp;dlg;rc2;rct;bin;rgs;gif;jpg;jpeg;jpe;resx;tiff;tif;png;wav;mfcribbon-ms</Extensions>
    </Filter>
    <Filter Include="Form Files">
      <UniqueIdentifier>{99349809-55BA-4b9d-BF79-8FDBB0286EB3}</UniqueIdentifier>
      <Extensions>ui</Extensions>
    </Filter>
    <Filter Include="Translation Files">
      <UniqueIdentifier>{639EADAA-A684-42e4-A9AD-28FC9BCB8F7C}</UniqueIdentifier>
      <Extensions>ts</Extensions>
    </Filter>
  </ItemGroup>
  <ItemGroup>
    <ClInclude Include="include\interfaces\capability\ianalogsource.hpp">
      <Filter>Header Files</Filter>
    </ClInclude>
    <ClInclude Include="include\interfaces\capability\iaudiosource.hpp">
      <Filter>Header Files</Filter>
    </ClInclude>
    <ClInclude Include="include\interfaces\capability\idatasource.hpp">
      <Filter>Header Files</Filter>
    </ClInclude>
    <ClInclude Include="include\interfaces\capability\igpssource.hpp">
      <Filter>Header Files</Filter>
    </ClInclude>
    <ClInclude Include="include\interfaces\capability\ivideosource.hpp">
      <Filter>Header Files</Filter>
    </ClInclude>
    <ClInclude Include="include\sdk\plugins\iprocessorplugin.hpp">
      <Filter>Header Files</Filter>
    </ClInclude>
    <ClInclude Include="include\sdk\plugins\isourceplugin.hpp">
      <Filter>Header Files</Filter>
    </ClInclude>
    <ClInclude Include="include\presets\preset.hpp">
      <Filter>Header Files</Filter>
    </ClInclude>
    <ClInclude Include="include\presets\sourcepreset.hpp">
      <Filter>Header Files</Filter>
    </ClInclude>
    <ClInclude Include="include\sdk\plugins\imountplugin.hpp">
      <Filter>Header Files</Filter>
    </ClInclude>
    <ClInclude Include="include\interfaces\capability\iconfigurablesource.hpp">
      <Filter>Header Files</Filter>
    </ClInclude>
    <ClInclude Include="include\sdk\plugins\iplugin.hpp">
      <Filter>Header Files</Filter>
    </ClInclude>
    <ClInclude Include="include\sdk\plugins\factory.hpp">
      <Filter>Header Files</Filter>
    </ClInclude>
    <ClInclude Include="include\sdk\plugins\pluginloader.hpp">
      <Filter>Header Files</Filter>
    </ClInclude>
    <ClInclude Include="include\utils\boost_qt_conversions.hpp">
      <Filter>Header Files</Filter>
    </ClInclude>
    <ClInclude Include="include\pipeline\bins\binbase.hpp">
      <Filter>Header Files</Filter>
    </ClInclude>
    <ClInclude Include="include\pipeline\bins\sourcebin.hpp">
      <Filter>Header Files</Filter>
    </ClInclude>
    <ClInclude Include="include\interfaces\capability\iapisource.hpp">
      <Filter>Header Files</Filter>
    </ClInclude>
    <ClInclude Include="include\pipeline\sinks\preview_defaults.hpp">
      <Filter>Header Files</Filter>
    </ClInclude>
    <ClInclude Include="include\utils\debug.hpp">
      <Filter>Header Files</Filter>
    </ClInclude>
    <ClInclude Include="include\pipeline\mime_types.hpp">
      <Filter>Header Files</Filter>
    </ClInclude>
    <ClInclude Include="include\interfaces\capability\ihascustompreview.hpp">
      <Filter>Header Files</Filter>
    </ClInclude>
    <ClInclude Include="include\interfaces\capability\irecordablesource.hpp">
      <Filter>Header Files</Filter>
    </ClInclude>
    <ClInclude Include="include\interfaces\capability\ipreviewablesource.hpp">
      <Filter>Header Files</Filter>
    </ClInclude>
    <ClInclude Include="include\models\session_properties.hpp">
      <Filter>Header Files</Filter>
    </ClInclude>
    <ClInclude Include="include\pipeline\bins\recorderbin.hpp">
      <Filter>Header Files</Filter>
    </ClInclude>
    <ClInclude Include="include\utils\session_utils.hpp">
      <Filter>Header Files</Filter>
    </ClInclude>
    <ClInclude Include="include\utils\utils.hpp">
      <Filter>Header Files</Filter>
    </ClInclude>
    <ClInclude Include="include\features\ielement.hpp">
      <Filter>Header Files</Filter>
    </ClInclude>
    <ClInclude Include="include\pipeline\sinks\recording_defaults.hpp">
      <Filter>Header Files</Filter>
    </ClInclude>
  </ItemGroup>
  <ItemGroup>
    <ClCompile Include="src\controllers\maincontroller.cpp">
      <Filter>Source Files</Filter>
    </ClCompile>
    <ClCompile Include="src\controllers\plugincontroller.cpp">
      <Filter>Source Files</Filter>
    </ClCompile>
    <ClCompile Include="src\controllers\presetscontroller.cpp">
      <Filter>Source Files</Filter>
    </ClCompile>
    <ClCompile Include="src\controllers\processingcontroller.cpp">
      <Filter>Source Files</Filter>
    </ClCompile>
    <ClCompile Include="src\controllers\sourcecontroller.cpp">
      <Filter>Source Files</Filter>
    </ClCompile>
    <ClCompile Include="src\controllers\mountcontroller.cpp">
      <Filter>Source Files</Filter>
    </ClCompile>
    <ClCompile Include="src\controllers\sessioncontroller.cpp">
      <Filter>Source Files</Filter>
    </ClCompile>
    <ClCompile Include="src\utils\session_utils.cpp">
      <Filter>Source Files</Filter>
    </ClCompile>
    <ClCompile Include="src\utils\utils.cpp">
      <Filter>Source Files</Filter>
    </ClCompile>
  </ItemGroup>
  <ItemGroup>
    <QtMoc Include="include\controllers\maincontroller.hpp">
      <Filter>Header Files</Filter>
    </QtMoc>
    <QtMoc Include="include\controllers\plugincontroller.hpp">
      <Filter>Header Files</Filter>
    </QtMoc>
    <QtMoc Include="include\controllers\presetscontroller.hpp">
      <Filter>Header Files</Filter>
    </QtMoc>
    <QtMoc Include="include\controllers\processingcontroller.hpp">
      <Filter>Header Files</Filter>
    </QtMoc>
    <QtMoc Include="include\controllers\sourcecontroller.hpp">
      <Filter>Header Files</Filter>
    </QtMoc>
    <QtMoc Include="include\controllers\backendcontrollerbase.hpp">
      <Filter>Header Files</Filter>
    </QtMoc>
    <QtMoc Include="include\controllers\mountcontroller.hpp">
      <Filter>Header Files</Filter>
    </QtMoc>
    <QtMoc Include="include\features\sources\source.hpp">
      <Filter>Header Files</Filter>
    </QtMoc>
    <QtMoc Include="include\features\processors\processor.hpp">
      <Filter>Header Files</Filter>
    </QtMoc>
    <QtMoc Include="include\features\mounts\mount.hpp">
      <Filter>Header Files</Filter>
    </QtMoc>
    <QtMoc Include="include\controllers\sessioncontroller.hpp">
      <Filter>Header Files</Filter>
    </QtMoc>
    <QtMoc Include="include\features\element.hpp">
      <Filter>Header Files</Filter>
    </QtMoc>
  </ItemGroup>
</Project>