<?xml version="1.0" encoding="utf-8"?>
<Project ToolsVersion="4.0" xmlns="http://schemas.microsoft.com/developer/msbuild/2003">
  <ItemGroup>
    <Filter Include="Source Files">
      <UniqueIdentifier>{4FC737F1-C7A5-4376-A066-2A32D752A2FF}</UniqueIdentifier>
      <Extensions>qml;cpp;c;cc;cxx;def;odl;idl;hpj;bat;asm;asmx</Extensions>
    </Filter>
    <Filter Include="Header Files">
      <UniqueIdentifier>{93995380-89BD-4b04-88EB-625FBE52EBFB}</UniqueIdentifier>
      <Extensions>h;hh;hpp;hxx;hm;inl;inc;xsd</Extensions>
    </Filter>
    <Filter Include="Resource Files">
      <UniqueIdentifier>{67DA6AB6-F800-4c08-8B7A-83BB121AAD01}</UniqueIdentifier>
      <Extensions>qrc;rc;ico;cur;bmp;dlg;rc2;rct;bin;rgs;gif;jpg;jpeg;jpe;resx;tiff;tif;png;wav;mfcribbon-ms</Extensions>
    </Filter>
    <Filter Include="Form Files">
      <UniqueIdentifier>{99349809-55BA-4b9d-BF79-8FDBB0286EB3}</UniqueIdentifier>
      <Extensions>ui</Extensions>
    </Filter>
    <Filter Include="Translation Files">
      <UniqueIdentifier>{639EADAA-A684-42e4-A9AD-28FC9BCB8F7C}</UniqueIdentifier>
      <Extensions>ts</Extensions>
    </Filter>
  </ItemGroup>
  <ItemGroup>
    <QtRcc Include="MainWindow.qrc">
      <Filter>Resource Files</Filter>
    </QtRcc>
    <QtUic Include="windows\MainWindow\MainWindow.ui">
      <Filter>Form Files</Filter>
    </QtUic>
    <QtMoc Include="windows\MainWindow\MainWindow.h">
      <Filter>Header Files</Filter>
    </QtMoc>
  </ItemGroup>
  <ItemGroup>
    <ClCompile Include="main.cpp">
      <Filter>Source Files</Filter>
    </ClCompile>
    <ClCompile Include="windows\MainWindow\MainWindow.cpp">
      <Filter>Source Files</Filter>
    </ClCompile>
    <ClCompile Include="widgets\SimultaneousMediaPlayer\simultaneousmediaplayer.cpp">
      <Filter>Source Files</Filter>
    </ClCompile>
    <ClCompile Include="processing\YOLO\yolo.cpp">
      <Filter>Source Files</Filter>
    </ClCompile>
    <ClCompile Include="controllers\MainController\maincontroller.cpp">
      <Filter>Source Files</Filter>
    </ClCompile>
    <ClCompile Include="controllers\ClipController\clipcontroller.cpp">
      <Filter>Source Files</Filter>
    </ClCompile>
    <ClCompile Include="widgets\PreviewContainerWidget\previewcontainerwidget.cpp">
      <Filter>Source Files</Filter>
    </ClCompile>
    <ClCompile Include="widgets\SourceListWidget\sourcelistwidget.cpp">
      <Filter>Source Files</Filter>
    </ClCompile>
    <ClCompile Include="controllers\SourceController\sourcecontroller.cpp">
      <Filter>Source Files</Filter>
    </ClCompile>
    <ClCompile Include="sources\Source\SourceMetadata\sourcemetadata.cpp">
      <Filter>Source Files</Filter>
    </ClCompile>
    <ClCompile Include="sources\IClippableSource\ClipBufferBase\clipbufferbase.cpp">
      <Filter>Source Files</Filter>
    </ClCompile>
    <ClCompile Include="processing\FrameProcessor\frameprocessor.cpp">
      <Filter>Source Files</Filter>
    </ClCompile>
    <ClCompile Include="controllers\RecordingSession\recordingsession.cpp">
      <Filter>Source Files</Filter>
    </ClCompile>
    <ClCompile Include="widgets\PresetsWidget\presetswidget.cpp">
      <Filter>Source Files</Filter>
    </ClCompile>
    <ClCompile Include="widgets\SessionControlsWidget\sessioncontrolswidget.cpp">
      <Filter>Source Files</Filter>
    </ClCompile>
    <ClCompile Include="pages\MainPage\mainpage.cpp">
      <Filter>Source Files</Filter>
    </ClCompile>
    <ClCompile Include="dialogs\SessionPropertiesDialog\sessionpropertiesdialog.cpp">
      <Filter>Source Files</Filter>
    </ClCompile>
    <ClCompile Include="sources\Source\SourcePreview\sourcepreview.cpp">
      <Filter>Source Files</Filter>
    </ClCompile>
    <ClCompile Include="widgets\DevicePreviewWidget\devicepreviewwidget.cpp">
      <Filter>Source Files</Filter>
    </ClCompile>
    <ClCompile Include="controllers\RecordingController\recordingcontroller.cpp">
      <Filter>Source Files</Filter>
    </ClCompile>
    <ClCompile Include="controllers\PluginController\plugincontroller.cpp">
      <Filter>Source Files</Filter>
    </ClCompile>
    <ClCompile Include="dialogs\AddSourceDialog\addsourcedialog.cpp">
      <Filter>Source Files</Filter>
    </ClCompile>
    <ClCompile Include="sources\Source\SourcePropertiesWidget\sourcepropertieswidget.cpp">
      <Filter>Source Files</Filter>
    </ClCompile>
    <ClCompile Include="controllers\PresetsController\presetscontroller.cpp">
      <Filter>Source Files</Filter>
    </ClCompile>
    <ClCompile Include="controllers\ProcessingController\processingcontroller.cpp">
      <Filter>Source Files</Filter>
    </ClCompile>
    <ClCompile Include="processing\ProcessorBase\processorbase.cpp">
      <Filter>Source Files</Filter>
    </ClCompile>
    <ClCompile Include="dialogs\AddProcessorDialog\addprocessordialog.cpp">
      <Filter>Source Files</Filter>
    </ClCompile>
    <ClCompile Include="widgets\ProcessorsWidget\processorswidget.cpp">
      <Filter>Source Files</Filter>
    </ClCompile>
    <ClCompile Include="sources\Source\source.cpp">
      <Filter>Source Files</Filter>
    </ClCompile>
  </ItemGroup>
  <ItemGroup>
    <QtMoc Include="widgets\SimultaneousMediaPlayer\simultaneousmediaplayer.h">
      <Filter>Header Files</Filter>
    </QtMoc>
    <QtMoc Include="processing\YOLO\yolo.h">
      <Filter>Header Files</Filter>
    </QtMoc>
    <QtMoc Include="controllers\MainController\maincontroller.h">
      <Filter>Header Files</Filter>
    </QtMoc>
    <QtMoc Include="controllers\ClipController\clipcontroller.h">
      <Filter>Header Files</Filter>
    </QtMoc>
    <QtMoc Include="widgets\PreviewContainerWidget\previewcontainerwidget.h">
      <Filter>Header Files</Filter>
    </QtMoc>
    <QtMoc Include="widgets\SourceListWidget\sourcelistwidget.h">
      <Filter>Header Files</Filter>
    </QtMoc>
    <QtMoc Include="controllers\SourceController\sourcecontroller.h">
      <Filter>Header Files</Filter>
    </QtMoc>
    <QtMoc Include="sources\Source\SourceMetadata\sourcemetadata.h">
      <Filter>Header Files</Filter>
    </QtMoc>
    <QtMoc Include="sources\IClippableSource\ClipBufferBase\clipbufferbase.h">
      <Filter>Header Files</Filter>
    </QtMoc>
    <QtMoc Include="processing\FrameProcessor\frameprocessor.h">
      <Filter>Header Files</Filter>
    </QtMoc>
    <QtMoc Include="controllers\RecordingSession\recordingsession.h">
      <Filter>Header Files</Filter>
    </QtMoc>
    <QtMoc Include="widgets\PresetsWidget\presetswidget.h">
      <Filter>Header Files</Filter>
    </QtMoc>
    <QtMoc Include="widgets\SessionControlsWidget\sessioncontrolswidget.h">
      <Filter>Header Files</Filter>
    </QtMoc>
    <QtMoc Include="pages\MainPage\mainpage.h">
      <Filter>Header Files</Filter>
    </QtMoc>
    <QtMoc Include="dialogs\SessionPropertiesDialog\sessionpropertiesdialog.h">
      <Filter>Header Files</Filter>
    </QtMoc>
    <QtMoc Include="sources\Source\SourcePreview\sourcepreview.h">
      <Filter>Header Files</Filter>
    </QtMoc>
    <QtMoc Include="widgets\DevicePreviewWidget\devicepreviewwidget.h">
      <Filter>Header Files</Filter>
    </QtMoc>
    <QtMoc Include="controllers\RecordingController\recordingcontroller.h">
      <Filter>Header Files</Filter>
    </QtMoc>
    <QtMoc Include="controllers\PluginController\plugincontroller.h">
      <Filter>Header Files</Filter>
    </QtMoc>
    <QtMoc Include="dialogs\AddSourceDialog\addsourcedialog.h">
      <Filter>Header Files</Filter>
    </QtMoc>
    <QtMoc Include="sources\Source\SourcePropertiesWidget\sourcepropertieswidget.h">
      <Filter>Header Files</Filter>
    </QtMoc>
    <QtMoc Include="controllers\PresetsController\presetscontroller.h">
      <Filter>Header Files</Filter>
    </QtMoc>
    <QtMoc Include="controllers\ProcessingController\processingcontroller.h">
      <Filter>Header Files</Filter>
    </QtMoc>
    <QtMoc Include="processing\ProcessorBase\processorbase.h">
      <Filter>Header Files</Filter>
    </QtMoc>
    <QtMoc Include="interfaces\capability\idatasource.h">
      <Filter>Header Files</Filter>
    </QtMoc>
    <QtMoc Include="dialogs\AddProcessorDialog\addprocessordialog.h">
      <Filter>Header Files</Filter>
    </QtMoc>
    <QtMoc Include="widgets\ProcessorsWidget\processorswidget.h">
      <Filter>Header Files</Filter>
    </QtMoc>
    <QtMoc Include="sources\Source\source.h">
      <Filter>Header Files</Filter>
    </QtMoc>
  </ItemGroup>
  <ItemGroup>
    <QtUic Include="widgets\SimultaneousMediaPlayer\simultaneousmediaplayer.ui">
      <Filter>Form Files</Filter>
    </QtUic>
    <QtUic Include="widgets\PreviewContainerWidget\previewcontainerwidget.ui">
      <Filter>Form Files</Filter>
    </QtUic>
    <QtUic Include="widgets\SourceListWidget\sourcelistwidget.ui">
      <Filter>Form Files</Filter>
    </QtUic>
    <QtUic Include="widgets\PresetsWidget\presetswidget.ui">
      <Filter>Form Files</Filter>
    </QtUic>
    <QtUic Include="widgets\SessionControlsWidget\sessioncontrolswidget.ui">
      <Filter>Form Files</Filter>
    </QtUic>
    <QtUic Include="pages\MainPage\mainpage.ui">
      <Filter>Form Files</Filter>
    </QtUic>
    <QtUic Include="dialogs\SessionPropertiesDialog\sessionpropertiesdialog.ui">
      <Filter>Form Files</Filter>
    </QtUic>
    <QtUic Include="widgets\DevicePreviewWidget\devicepreviewwidget.ui">
      <Filter>Form Files</Filter>
    </QtUic>
    <QtUic Include="dialogs\AddSourceDialog\addsourcedialog.ui">
      <Filter>Form Files</Filter>
    </QtUic>
    <QtUic Include="dialogs\AddProcessorDialog\addprocessordialog.ui">
      <Filter>Form Files</Filter>
    </QtUic>
    <QtUic Include="widgets\ProcessorsWidget\processorswidget.ui">
      <Filter>Form Files</Filter>
    </QtUic>
  </ItemGroup>
  <ItemGroup>
    <ClInclude Include="interfaces\plugins\isourceplugin.h">
      <Filter>Header Files</Filter>
    </ClInclude>
    <ClInclude Include="sources\IConfigurableSource\iconfigurablesource.h">
      <Filter>Header Files</Filter>
    </ClInclude>
    <ClInclude Include="presets\Preset\preset.h">
      <Filter>Header Files</Filter>
    </ClInclude>
    <ClInclude Include="presets\sourcePreset\sourcepreset.h">
      <Filter>Header Files</Filter>
    </ClInclude>
    <ClInclude Include="sources\IClippableSource\iclippablesource.h">
      <Filter>Header Files</Filter>
    </ClInclude>
    <ClInclude Include="sources\Source\SourceError\sourceerror.h">
      <Filter>Header Files</Filter>
    </ClInclude>
    <ClInclude Include="interfaces\plugins\iprocessorplugin.h">
      <Filter>Header Files</Filter>
    </ClInclude>
    <ClInclude Include="interfaces\capability\ivideosource.h">
      <Filter>Header Files</Filter>
    </ClInclude>
    <ClInclude Include="interfaces\capability\iaudiosource.h">
      <Filter>Header Files</Filter>
    </ClInclude>
    <ClInclude Include="interfaces\capability\igpssource.h">
      <Filter>Header Files</Filter>
    </ClInclude>
    <ClInclude Include="interfaces\capability\ianalogsource.h">
      <Filter>Header Files</Filter>
    </ClInclude>
  </ItemGroup>
  <ItemGroup>
    <None Include="yolo_models\yolo11n.onnx" />
    <None Include="yolo_models\yolov5n.onnx" />
    <None Include="yolo_models\yolov5su.onnx" />
    <None Include="yolo_models\yolov8n.onnx" />
    <None Include="yolo_models\yolov10n.onnx" />
    <None Include="yolo_models\yolov10s.onnx" />
  </ItemGroup>
</Project>