<?xml version="1.0" encoding="utf-8"?>
<Project ToolsVersion="4.0" xmlns="http://schemas.microsoft.com/developer/msbuild/2003">
  <ItemGroup>
    <Filter Include="Source Files">
      <UniqueIdentifier>{4FC737F1-C7A5-4376-A066-2A32D752A2FF}</UniqueIdentifier>
      <Extensions>qml;cpp;c;cc;cxx;def;odl;idl;hpj;bat;asm;asmx</Extensions>
    </Filter>
    <Filter Include="Header Files">
      <UniqueIdentifier>{93995380-89BD-4b04-88EB-625FBE52EBFB}</UniqueIdentifier>
      <Extensions>h;hh;hpp;hxx;hm;inl;inc;xsd</Extensions>
    </Filter>
    <Filter Include="Resource Files">
      <UniqueIdentifier>{67DA6AB6-F800-4c08-8B7A-83BB121AAD01}</UniqueIdentifier>
      <Extensions>qrc;rc;ico;cur;bmp;dlg;rc2;rct;bin;rgs;gif;jpg;jpeg;jpe;resx;tiff;tif;png;wav;mfcribbon-ms</Extensions>
    </Filter>
    <Filter Include="Form Files">
      <UniqueIdentifier>{99349809-55BA-4b9d-BF79-8FDBB0286EB3}</UniqueIdentifier>
      <Extensions>ui</Extensions>
    </Filter>
    <Filter Include="Translation Files">
      <UniqueIdentifier>{639EADAA-A684-42e4-A9AD-28FC9BCB8F7C}</UniqueIdentifier>
      <Extensions>ts</Extensions>
    </Filter>
  </ItemGroup>
  <ItemGroup>
    <QtRcc Include="MainWindow.qrc">
      <Filter>Resource Files</Filter>
    </QtRcc>
    <QtUic Include="windows\MainWindow\MainWindow.ui">
      <Filter>Form Files</Filter>
    </QtUic>
    <QtMoc Include="windows\MainWindow\MainWindow.h">
      <Filter>Header Files</Filter>
    </QtMoc>
  </ItemGroup>
  <ItemGroup>
    <ClCompile Include="main.cpp">
      <Filter>Source Files</Filter>
    </ClCompile>
    <ClCompile Include="widgets\SensorListItem\SensorListItem.cpp">
      <Filter>Source Files</Filter>
    </ClCompile>
    <ClCompile Include="windows\MainWindow\MainWindow.cpp">
      <Filter>Source Files</Filter>
    </ClCompile>
    <ClCompile Include="windows\QtCameraControlsWindow\qtcameracontrolsdialog.cpp">
      <Filter>Source Files</Filter>
    </ClCompile>
    <ClCompile Include="widgets\QtCameraFormatTableWidgetItem\qtcameraformatablewidgetitem.cpp">
      <Filter>Source Files</Filter>
    </ClCompile>
    <ClCompile Include="windows\QtRecordingControlsDialog\qtrecordingcontrolsdialog.cpp">
      <Filter>Source Files</Filter>
    </ClCompile>
    <ClCompile Include="widgets\SimultaneousMediaPlayer\simultaneousmediaplayer.cpp">
      <Filter>Source Files</Filter>
    </ClCompile>
    <ClCompile Include="windows\ApplicationSettingsDialog\applicationsettingsdialog.cpp">
      <Filter>Source Files</Filter>
    </ClCompile>
    <ClCompile Include="processing\YOLO\yolo.cpp">
      <Filter>Source Files</Filter>
    </ClCompile>
    <ClCompile Include="helpers\unitconversionhelper.cpp">
      <Filter>Source Files</Filter>
    </ClCompile>
    <ClCompile Include="controllers\MainController\maincontroller.cpp">
      <Filter>Source Files</Filter>
    </ClCompile>
    <ClCompile Include="controllers\ClipController\clipcontroller.cpp">
      <Filter>Source Files</Filter>
    </ClCompile>
    <ClCompile Include="devices\Device\device.cpp">
      <Filter>Source Files</Filter>
    </ClCompile>
    <ClCompile Include="widgets\PreviewContainerWidget\previewcontainerwidget.cpp">
      <Filter>Source Files</Filter>
    </ClCompile>
    <ClCompile Include="widgets\DeviceListWidget\devicelistwidget.cpp">
      <Filter>Source Files</Filter>
    </ClCompile>
    <ClCompile Include="controllers\DeviceController\devicecontroller.cpp">
      <Filter>Source Files</Filter>
    </ClCompile>
    <ClCompile Include="devices\Device\DeviceMetadata\devicemetadata.cpp">
      <Filter>Source Files</Filter>
    </ClCompile>
    <ClCompile Include="clipping\buffers\ClipBufferBase\clipbufferbase.cpp">
      <Filter>Source Files</Filter>
    </ClCompile>
    <ClCompile Include="processing\FrameProcessor\frameprocessor.cpp">
      <Filter>Source Files</Filter>
    </ClCompile>
    <ClCompile Include="controllers\RecordingSession\recordingsession.cpp">
      <Filter>Source Files</Filter>
    </ClCompile>
    <ClCompile Include="widgets\PresetsWidget\presetswidget.cpp">
      <Filter>Source Files</Filter>
    </ClCompile>
    <ClCompile Include="widgets\SessionControlsWidget\sessioncontrolswidget.cpp">
      <Filter>Source Files</Filter>
    </ClCompile>
    <ClCompile Include="pages\MainPage\mainpage.cpp">
      <Filter>Source Files</Filter>
    </ClCompile>
    <ClCompile Include="windows\SessionPropertiesDialog\sessionpropertiesdialog.cpp">
      <Filter>Source Files</Filter>
    </ClCompile>
    <ClCompile Include="devices\Device\DevicePreview\devicepreview.cpp">
      <Filter>Source Files</Filter>
    </ClCompile>
    <ClCompile Include="widgets\DevicePreviewWidget\devicepreviewwidget.cpp">
      <Filter>Source Files</Filter>
    </ClCompile>
    <ClCompile Include="controllers\RecordingController\recordingcontroller.cpp">
      <Filter>Source Files</Filter>
    </ClCompile>
    <ClCompile Include="devices\Device\DeviceHelpers\DeviceHelpers.cpp">
      <Filter>Source Files</Filter>
    </ClCompile>
    <ClCompile Include="controllers\PluginController\plugincontroller.cpp">
      <Filter>Source Files</Filter>
    </ClCompile>
    <ClCompile Include="dialogs\AddDeviceDialog\adddevicedialog.cpp">
      <Filter>Source Files</Filter>
    </ClCompile>
  </ItemGroup>
  <ItemGroup>
    <QtMoc Include="widgets\SensorListItem\SensorListItem.h">
      <Filter>Header Files</Filter>
    </QtMoc>
    <QtMoc Include="windows\QtCameraControlsWindow\qtcameracontrolsdialog.h">
      <Filter>Header Files</Filter>
    </QtMoc>
    <QtMoc Include="windows\QtRecordingControlsDialog\qtrecordingcontrolsdialog.h">
      <Filter>Header Files</Filter>
    </QtMoc>
    <QtMoc Include="widgets\SimultaneousMediaPlayer\simultaneousmediaplayer.h">
      <Filter>Header Files</Filter>
    </QtMoc>
    <QtMoc Include="windows\ApplicationSettingsDialog\applicationsettingsdialog.h">
      <Filter>Header Files</Filter>
    </QtMoc>
    <QtMoc Include="processing\YOLO\yolo.h">
      <Filter>Header Files</Filter>
    </QtMoc>
    <QtMoc Include="controllers\MainController\maincontroller.h">
      <Filter>Header Files</Filter>
    </QtMoc>
    <QtMoc Include="controllers\ClipController\clipcontroller.h">
      <Filter>Header Files</Filter>
    </QtMoc>
    <QtMoc Include="devices\Device\device.h">
      <Filter>Header Files</Filter>
    </QtMoc>
    <QtMoc Include="widgets\PreviewContainerWidget\previewcontainerwidget.h">
      <Filter>Header Files</Filter>
    </QtMoc>
    <QtMoc Include="widgets\DeviceListWidget\devicelistwidget.h">
      <Filter>Header Files</Filter>
    </QtMoc>
    <QtMoc Include="controllers\DeviceController\devicecontroller.h">
      <Filter>Header Files</Filter>
    </QtMoc>
    <QtMoc Include="devices\Device\DeviceMetadata\devicemetadata.h">
      <Filter>Header Files</Filter>
    </QtMoc>
    <QtMoc Include="clipping\buffers\ClipBufferBase\clipbufferbase.h">
      <Filter>Header Files</Filter>
    </QtMoc>
    <QtMoc Include="processing\FrameProcessor\frameprocessor.h">
      <Filter>Header Files</Filter>
    </QtMoc>
    <QtMoc Include="controllers\RecordingSession\recordingsession.h">
      <Filter>Header Files</Filter>
    </QtMoc>
    <QtMoc Include="widgets\PresetsWidget\presetswidget.h">
      <Filter>Header Files</Filter>
    </QtMoc>
    <QtMoc Include="widgets\SessionControlsWidget\sessioncontrolswidget.h">
      <Filter>Header Files</Filter>
    </QtMoc>
    <QtMoc Include="pages\MainPage\mainpage.h">
      <Filter>Header Files</Filter>
    </QtMoc>
    <QtMoc Include="windows\SessionPropertiesDialog\sessionpropertiesdialog.h">
      <Filter>Header Files</Filter>
    </QtMoc>
    <QtMoc Include="devices\Device\DevicePreview\devicepreview.h">
      <Filter>Header Files</Filter>
    </QtMoc>
    <QtMoc Include="widgets\DevicePreviewWidget\devicepreviewwidget.h">
      <Filter>Header Files</Filter>
    </QtMoc>
    <QtMoc Include="controllers\RecordingController\recordingcontroller.h">
      <Filter>Header Files</Filter>
    </QtMoc>
    <QtMoc Include="controllers\PluginController\plugincontroller.h">
      <Filter>Header Files</Filter>
    </QtMoc>
    <QtMoc Include="dialogs\AddDeviceDialog\adddevicedialog.h">
      <Filter>Header Files</Filter>
    </QtMoc>
  </ItemGroup>
  <ItemGroup>
    <QtUic Include="widgets\SensorListItem\SensorListItem.ui">
      <Filter>Form Files</Filter>
    </QtUic>
    <QtUic Include="windows\QtCameraControlsWindow\qtcameracontrolsdialog.ui">
      <Filter>Form Files</Filter>
    </QtUic>
    <QtUic Include="windows\QtRecordingControlsDialog\qtrecordingcontrolsdialog.ui">
      <Filter>Form Files</Filter>
    </QtUic>
    <QtUic Include="widgets\SimultaneousMediaPlayer\simultaneousmediaplayer.ui">
      <Filter>Form Files</Filter>
    </QtUic>
    <QtUic Include="windows\ApplicationSettingsDialog\applicationsettingsdialog.ui">
      <Filter>Form Files</Filter>
    </QtUic>
    <QtUic Include="widgets\PreviewContainerWidget\previewcontainerwidget.ui">
      <Filter>Form Files</Filter>
    </QtUic>
    <QtUic Include="widgets\DeviceListWidget\devicelistwidget.ui">
      <Filter>Form Files</Filter>
    </QtUic>
    <QtUic Include="widgets\PresetsWidget\presetswidget.ui">
      <Filter>Form Files</Filter>
    </QtUic>
    <QtUic Include="widgets\SessionControlsWidget\sessioncontrolswidget.ui">
      <Filter>Form Files</Filter>
    </QtUic>
    <QtUic Include="pages\MainPage\mainpage.ui">
      <Filter>Form Files</Filter>
    </QtUic>
    <QtUic Include="windows\SessionPropertiesDialog\sessionpropertiesdialog.ui">
      <Filter>Form Files</Filter>
    </QtUic>
    <QtUic Include="widgets\DevicePreviewWidget\devicepreviewwidget.ui">
      <Filter>Form Files</Filter>
    </QtUic>
    <QtUic Include="dialogs\AddDeviceDialog\adddevicedialog.ui">
      <Filter>Form Files</Filter>
    </QtUic>
  </ItemGroup>
  <ItemGroup>
    <ClInclude Include="widgets\QtCameraFormatTableWidgetItem\qtcameraformatablewidgetitem.h">
      <Filter>Header Files</Filter>
    </ClInclude>
    <ClInclude Include="helpers\unitconversionhelper.h">
      <Filter>Header Files</Filter>
    </ClInclude>
    <ClInclude Include="devices\Device\DeviceHelpers\DeviceHelpers.h">
      <Filter>Header Files</Filter>
    </ClInclude>
    <ClInclude Include="plugins\device\ideviceplugin.h">
      <Filter>Header Files</Filter>
    </ClInclude>
  </ItemGroup>
  <ItemGroup>
    <None Include="models\yolo11n.onnx" />
    <None Include="models\yolov5n.onnx" />
    <None Include="models\yolov5su.onnx" />
    <None Include="models\yolov8n.onnx" />
    <None Include="models\yolov10n.onnx" />
    <None Include="models\yolov10s.onnx" />
  </ItemGroup>
</Project>