<?xml version="1.0" encoding="utf-8"?>
<Project ToolsVersion="4.0" xmlns="http://schemas.microsoft.com/developer/msbuild/2003">
  <ItemGroup>
    <Filter Include="Source Files">
      <UniqueIdentifier>{4FC737F1-C7A5-4376-A066-2A32D752A2FF}</UniqueIdentifier>
      <Extensions>qml;cpp;c;cc;cxx;def;odl;idl;hpj;bat;asm;asmx</Extensions>
    </Filter>
    <Filter Include="Header Files">
      <UniqueIdentifier>{93995380-89BD-4b04-88EB-625FBE52EBFB}</UniqueIdentifier>
      <Extensions>h;hh;hpp;hxx;hm;inl;inc;xsd</Extensions>
    </Filter>
    <Filter Include="Resource Files">
      <UniqueIdentifier>{67DA6AB6-F800-4c08-8B7A-83BB121AAD01}</UniqueIdentifier>
      <Extensions>qrc;rc;ico;cur;bmp;dlg;rc2;rct;bin;rgs;gif;jpg;jpeg;jpe;resx;tiff;tif;png;wav;mfcribbon-ms</Extensions>
    </Filter>
    <Filter Include="Form Files">
      <UniqueIdentifier>{99349809-55BA-4b9d-BF79-8FDBB0286EB3}</UniqueIdentifier>
      <Extensions>ui</Extensions>
    </Filter>
    <Filter Include="Translation Files">
      <UniqueIdentifier>{639EADAA-A684-42e4-A9AD-28FC9BCB8F7C}</UniqueIdentifier>
      <Extensions>ts</Extensions>
    </Filter>
  </ItemGroup>
  <ItemGroup>
    <QtRcc Include="MainWindow.qrc">
      <Filter>Resource Files</Filter>
    </QtRcc>
    <QtUic Include="Windows\MainWindow.ui">
      <Filter>Form Files</Filter>
    </QtUic>
    <QtMoc Include="Windows\MainWindow.h">
      <Filter>Header Files</Filter>
    </QtMoc>
  </ItemGroup>
  <ItemGroup>
    <ClCompile Include="main.cpp">
      <Filter>Source Files</Filter>
    </ClCompile>
    <ClCompile Include="Sensors\Camera\Camera.cpp">
      <Filter>Source Files</Filter>
    </ClCompile>
    <ClCompile Include="Sensors\Sensor.cpp">
      <Filter>Source Files</Filter>
    </ClCompile>
    <ClCompile Include="Controllers\SensorController.cpp">
      <Filter>Source Files</Filter>
    </ClCompile>
    <ClCompile Include="Widgets\SensorListItem\SensorListItem.cpp">
      <Filter>Source Files</Filter>
    </ClCompile>
    <ClCompile Include="Sensors\GPS.cpp">
      <Filter>Source Files</Filter>
    </ClCompile>
    <ClCompile Include="Windows\MainWindow.cpp">
      <Filter>Source Files</Filter>
    </ClCompile>
    <ClCompile Include="Windows\AddCameraDialog\AddCameraDialog.cpp">
      <Filter>Source Files</Filter>
    </ClCompile>
    <ClCompile Include="Windows\QtCameraControlsWindow\qtcameracontrolsdialog.cpp">
      <Filter>Source Files</Filter>
    </ClCompile>
    <ClCompile Include="Widgets\QtCameraFormatTableWidgetItem\qtcameraformatablewidgetitem.cpp">
      <Filter>Source Files</Filter>
    </ClCompile>
    <ClCompile Include="Widgets\CameraControls\cameracontrols.cpp">
      <Filter>Source Files</Filter>
    </ClCompile>
    <ClCompile Include="Windows\QtRecordingControlsDialog\qtrecordingcontrolsdialog.cpp">
      <Filter>Source Files</Filter>
    </ClCompile>
    <ClCompile Include="Widgets\SimultaneousMediaPlayer\simultaneousmediaplayer.cpp">
      <Filter>Source Files</Filter>
    </ClCompile>
    <ClCompile Include="Sensors\Camera\Generators\OpenCVGenerator\opencvcamera.cpp">
      <Filter>Source Files</Filter>
    </ClCompile>
    <ClCompile Include="Sensors\Camera\Generators\mediagenerator.cpp">
      <Filter>Source Files</Filter>
    </ClCompile>
    <ClCompile Include="Sensors\Camera\TOPDON_TC001\topdontc001.cpp">
      <Filter>Source Files</Filter>
    </ClCompile>
  </ItemGroup>
  <ItemGroup>
    <QtMoc Include="Sensors\Sensor.h">
      <Filter>Header Files</Filter>
    </QtMoc>
    <QtMoc Include="Sensors\Camera\Camera.h">
      <Filter>Header Files</Filter>
    </QtMoc>
    <QtMoc Include="Controllers\SensorController.h">
      <Filter>Header Files</Filter>
    </QtMoc>
    <QtMoc Include="Widgets\SensorListItem\SensorListItem.h">
      <Filter>Header Files</Filter>
    </QtMoc>
    <QtMoc Include="Sensors\GPS.h">
      <Filter>Header Files</Filter>
    </QtMoc>
    <QtMoc Include="Windows\AddCameraDialog\AddCameraDialog.h">
      <Filter>Header Files</Filter>
    </QtMoc>
    <QtMoc Include="Windows\QtCameraControlsWindow\qtcameracontrolsdialog.h">
      <Filter>Header Files</Filter>
    </QtMoc>
    <QtMoc Include="Widgets\CameraControls\cameracontrols.h">
      <Filter>Header Files</Filter>
    </QtMoc>
    <QtMoc Include="Windows\QtRecordingControlsDialog\qtrecordingcontrolsdialog.h">
      <Filter>Header Files</Filter>
    </QtMoc>
    <QtMoc Include="Widgets\SimultaneousMediaPlayer\simultaneousmediaplayer.h">
      <Filter>Header Files</Filter>
    </QtMoc>
    <QtMoc Include="Sensors\Camera\Generators\OpenCVGenerator\opencvcamera.h">
      <Filter>Header Files</Filter>
    </QtMoc>
    <QtMoc Include="Sensors\Camera\Generators\mediagenerator.h">
      <Filter>Header Files</Filter>
    </QtMoc>
    <QtMoc Include="Sensors\Camera\TOPDON_TC001\topdontc001.h">
      <Filter>Header Files</Filter>
    </QtMoc>
  </ItemGroup>
  <ItemGroup>
    <QtUic Include="Widgets\SensorListItem\SensorListItem.ui">
      <Filter>Form Files</Filter>
    </QtUic>
    <QtUic Include="Windows\AddCameraDialog\AddCameraDialog.ui">
      <Filter>Form Files</Filter>
    </QtUic>
    <QtUic Include="Windows\QtCameraControlsWindow\qtcameracontrolsdialog.ui">
      <Filter>Form Files</Filter>
    </QtUic>
    <QtUic Include="Widgets\CameraControls\cameracontrols.ui">
      <Filter>Form Files</Filter>
    </QtUic>
    <QtUic Include="Windows\QtRecordingControlsDialog\qtrecordingcontrolsdialog.ui">
      <Filter>Form Files</Filter>
    </QtUic>
    <QtUic Include="Widgets\SimultaneousMediaPlayer\simultaneousmediaplayer.ui">
      <Filter>Form Files</Filter>
    </QtUic>
  </ItemGroup>
  <ItemGroup>
    <ClInclude Include="Widgets\QtCameraFormatTableWidgetItem\qtcameraformatablewidgetitem.h">
      <Filter>Header Files</Filter>
    </ClInclude>
  </ItemGroup>
</Project>